
Microsoft Visual Studio Solution File, Format Version 12.00
# Visual Studio Version 17
VisualStudioVersion = 17.3.32804.467
MinimumVisualStudioVersion = 10.0.40219.1
Project("{FAE04EC0-301F-11D3-BF4B-00C04F79EFBC}") = "FileExample", "FileExample\FileExample.csproj", "{FF1EFE9F-EAFB-43B7-A777-65EB15434AEB}"
EndProject
Global
	GlobalSection(SolutionConfigurationPlatforms) = preSolution
		Debug|Any CPU = Debug|Any CPU
		Release|Any CPU = Release|Any CPU
	EndGlobalSection
	GlobalSection(ProjectConfigurationPlatforms) = postSolution
		{FF1EFE9F-EAFB-43B7-A777-65EB15434AEB}.Debug|Any CPU.ActiveCfg = Debug|Any CPU
		{FF1EFE9F-EAFB-43B7-A777-65EB15434AEB}.Debug|Any CPU.Build.0 = Debug|Any CPU
		{FF1EFE9F-EAFB-43B7-A777-65EB15434AEB}.Release|Any CPU.ActiveCfg = Release|Any CPU
		{FF1EFE9F-EAFB-43B7-A777-65EB15434AEB}.Release|Any CPU.Build.0 = Release|Any CPU
	EndGlobalSection
	GlobalSection(SolutionProperties) = preSolution
		HideSolutionNode = FALSE
	EndGlobalSection
	GlobalSection(ExtensibilityGlobals) = postSolution
		SolutionGuid = {7EE5EF65-A358-4795-BCEC-21F16D719477}
	EndGlobalSection
EndGlobal
