
Microsoft Visual Studio Solution File, Format Version 12.00
# Visual Studio Version 17
VisualStudioVersion = 17.3.32825.248
MinimumVisualStudioVersion = 10.0.40219.1
Project("{FAE04EC0-301F-11D3-BF4B-00C04F79EFBC}") = "MVC_TemplateApp", "MVC_TemplateApp\MVC_TemplateApp.csproj", "{65FAF54E-D242-4360-A44A-C6D89B34813A}"
EndProject
Global
	GlobalSection(SolutionConfigurationPlatforms) = preSolution
		Debug|Any CPU = Debug|Any CPU
		Release|Any CPU = Release|Any CPU
	EndGlobalSection
	GlobalSection(ProjectConfigurationPlatforms) = postSolution
		{65FAF54E-D242-4360-A44A-C6D89B34813A}.Debug|Any CPU.ActiveCfg = Debug|Any CPU
		{65FAF54E-D242-4360-A44A-C6D89B34813A}.Debug|Any CPU.Build.0 = Debug|Any CPU
		{65FAF54E-D242-4360-A44A-C6D89B34813A}.Release|Any CPU.ActiveCfg = Release|Any CPU
		{65FAF54E-D242-4360-A44A-C6D89B34813A}.Release|Any CPU.Build.0 = Release|Any CPU
	EndGlobalSection
	GlobalSection(SolutionProperties) = preSolution
		HideSolutionNode = FALSE
	EndGlobalSection
	GlobalSection(ExtensibilityGlobals) = postSolution
		SolutionGuid = {6ACBE25A-852D-49E3-8E8E-863E9E1AE629}
	EndGlobalSection
EndGlobal
