
Microsoft Visual Studio Solution File, Format Version 12.00
# Visual Studio Version 17
VisualStudioVersion = 17.3.32825.248
MinimumVisualStudioVersion = 10.0.40219.1
Project("{FAE04EC0-301F-11D3-BF4B-00C04F79EFBC}") = "DependencyInjecionAndMiddleWare", "DependencyInjecionAndMiddleWare\DependencyInjecionAndMiddleWare.csproj", "{917712AF-294F-4577-87ED-5A190D407FA0}"
EndProject
Global
	GlobalSection(SolutionConfigurationPlatforms) = preSolution
		Debug|Any CPU = Debug|Any CPU
		Release|Any CPU = Release|Any CPU
	EndGlobalSection
	GlobalSection(ProjectConfigurationPlatforms) = postSolution
		{917712AF-294F-4577-87ED-5A190D407FA0}.Debug|Any CPU.ActiveCfg = Debug|Any CPU
		{917712AF-294F-4577-87ED-5A190D407FA0}.Debug|Any CPU.Build.0 = Debug|Any CPU
		{917712AF-294F-4577-87ED-5A190D407FA0}.Release|Any CPU.ActiveCfg = Release|Any CPU
		{917712AF-294F-4577-87ED-5A190D407FA0}.Release|Any CPU.Build.0 = Release|Any CPU
	EndGlobalSection
	GlobalSection(SolutionProperties) = preSolution
		HideSolutionNode = FALSE
	EndGlobalSection
	GlobalSection(ExtensibilityGlobals) = postSolution
		SolutionGuid = {EAD67A55-4AD9-4329-9EF6-86B512C6E859}
	EndGlobalSection
EndGlobal
