
Microsoft Visual Studio Solution File, Format Version 12.00
# Visual Studio Version 17
VisualStudioVersion = 17.3.32825.248
MinimumVisualStudioVersion = 10.0.40219.1
Project("{FAE04EC0-301F-11D3-BF4B-00C04F79EFBC}") = "IOptionConfiguration", "IOptionConfiguration\IOptionConfiguration.csproj", "{FA7CEB95-0D1F-44CA-913D-FF2DF8C93B1C}"
EndProject
Global
	GlobalSection(SolutionConfigurationPlatforms) = preSolution
		Debug|Any CPU = Debug|Any CPU
		Release|Any CPU = Release|Any CPU
	EndGlobalSection
	GlobalSection(ProjectConfigurationPlatforms) = postSolution
		{FA7CEB95-0D1F-44CA-913D-FF2DF8C93B1C}.Debug|Any CPU.ActiveCfg = Debug|Any CPU
		{FA7CEB95-0D1F-44CA-913D-FF2DF8C93B1C}.Debug|Any CPU.Build.0 = Debug|Any CPU
		{FA7CEB95-0D1F-44CA-913D-FF2DF8C93B1C}.Release|Any CPU.ActiveCfg = Release|Any CPU
		{FA7CEB95-0D1F-44CA-913D-FF2DF8C93B1C}.Release|Any CPU.Build.0 = Release|Any CPU
	EndGlobalSection
	GlobalSection(SolutionProperties) = preSolution
		HideSolutionNode = FALSE
	EndGlobalSection
	GlobalSection(ExtensibilityGlobals) = postSolution
		SolutionGuid = {0B26E2E8-1079-4597-B288-EF1ABE793FA1}
	EndGlobalSection
EndGlobal
