
Microsoft Visual Studio Solution File, Format Version 12.00
# Visual Studio Version 17
VisualStudioVersion = 17.3.32922.545
MinimumVisualStudioVersion = 10.0.40219.1
Project("{2150E333-8FDC-42A3-9474-1A3956D46DE8}") = "src", "src", "{64F88549-F3BE-4271-B163-438DF0716014}"
EndProject
Project("{9A19103F-16F7-4668-BE54-9A1E7A4F7556}") = "Gateway", "src\Gateway\Gateway.csproj", "{E8B4F135-69B3-48DF-B21D-43B21ADD6D69}"
EndProject
Project("{9A19103F-16F7-4668-BE54-9A1E7A4F7556}") = "CategoryApi", "src\CategoryApi\CategoryApi.csproj", "{FF144B43-1885-4AAC-B15C-82E0410E4A0C}"
EndProject
Project("{E53339B2-1760-4266-BCC7-CA923CBCF16C}") = "docker-compose", "docker-compose.dcproj", "{33FDB70F-1FCF-4B6D-A2A3-BCFF65DC067A}"
EndProject
Project("{2150E333-8FDC-42A3-9474-1A3956D46DE8}") = "Solution Items", "Solution Items", "{7440039D-250E-4E74-8E4B-25C73067F609}"
	ProjectSection(SolutionItems) = preProject
		install-master.ps1 = install-master.ps1
	EndProjectSection
EndProject
Project("{2150E333-8FDC-42A3-9474-1A3956D46DE8}") = "config", "config", "{95E83326-AEF9-4178-82B6-A02DABF69E5F}"
	ProjectSection(SolutionItems) = preProject
		config\.env.dev = config\.env.dev
	EndProjectSection
EndProject
Project("{9A19103F-16F7-4668-BE54-9A1E7A4F7556}") = "ProductApi", "src\ProductApi\ProductApi.csproj", "{92E57216-8497-47AA-A4BC-732A3B724325}"
EndProject
Project("{9A19103F-16F7-4668-BE54-9A1E7A4F7556}") = "Models", "src\Models\Models.csproj", "{20F5D8E6-7D80-41B8-84D1-C0E276AC30AA}"
EndProject
Project("{9A19103F-16F7-4668-BE54-9A1E7A4F7556}") = "ProductConsumerService", "src\ProductConsumerService\ProductConsumerService.csproj", "{3CC40637-E1F3-48E4-864C-C82B19E62305}"
EndProject
Project("{9A19103F-16F7-4668-BE54-9A1E7A4F7556}") = "ProductServices", "src\ProductService\ProductServices.csproj", "{96B45368-D90E-47C2-ADB9-DDA59C95086E}"
EndProject
Project("{9A19103F-16F7-4668-BE54-9A1E7A4F7556}") = "BackgrounServiceApi", "src\BackgrounServiceApi\BackgrounServiceApi.csproj", "{F613178F-DAE8-4038-BCA8-5B407FB13D2D}"
EndProject
Project("{2150E333-8FDC-42A3-9474-1A3956D46DE8}") = "test", "test", "{C6DAA3E4-661A-4B38-A2E0-37765AD7BE4C}"
EndProject
Project("{9A19103F-16F7-4668-BE54-9A1E7A4F7556}") = "Product.Test", "test\Product.Test\Product.Test.csproj", "{7AB26EB3-CE56-439C-8BC1-963CF6A1E5A9}"
EndProject
Global
	GlobalSection(SolutionConfigurationPlatforms) = preSolution
		Debug|Any CPU = Debug|Any CPU
		Release|Any CPU = Release|Any CPU
	EndGlobalSection
	GlobalSection(ProjectConfigurationPlatforms) = postSolution
		{E8B4F135-69B3-48DF-B21D-43B21ADD6D69}.Debug|Any CPU.ActiveCfg = Debug|Any CPU
		{E8B4F135-69B3-48DF-B21D-43B21ADD6D69}.Debug|Any CPU.Build.0 = Debug|Any CPU
		{E8B4F135-69B3-48DF-B21D-43B21ADD6D69}.Release|Any CPU.ActiveCfg = Release|Any CPU
		{E8B4F135-69B3-48DF-B21D-43B21ADD6D69}.Release|Any CPU.Build.0 = Release|Any CPU
		{FF144B43-1885-4AAC-B15C-82E0410E4A0C}.Debug|Any CPU.ActiveCfg = Debug|Any CPU
		{FF144B43-1885-4AAC-B15C-82E0410E4A0C}.Debug|Any CPU.Build.0 = Debug|Any CPU
		{FF144B43-1885-4AAC-B15C-82E0410E4A0C}.Release|Any CPU.ActiveCfg = Release|Any CPU
		{FF144B43-1885-4AAC-B15C-82E0410E4A0C}.Release|Any CPU.Build.0 = Release|Any CPU
		{33FDB70F-1FCF-4B6D-A2A3-BCFF65DC067A}.Debug|Any CPU.ActiveCfg = Debug|Any CPU
		{33FDB70F-1FCF-4B6D-A2A3-BCFF65DC067A}.Debug|Any CPU.Build.0 = Debug|Any CPU
		{33FDB70F-1FCF-4B6D-A2A3-BCFF65DC067A}.Release|Any CPU.ActiveCfg = Release|Any CPU
		{33FDB70F-1FCF-4B6D-A2A3-BCFF65DC067A}.Release|Any CPU.Build.0 = Release|Any CPU
		{92E57216-8497-47AA-A4BC-732A3B724325}.Debug|Any CPU.ActiveCfg = Debug|Any CPU
		{92E57216-8497-47AA-A4BC-732A3B724325}.Debug|Any CPU.Build.0 = Debug|Any CPU
		{92E57216-8497-47AA-A4BC-732A3B724325}.Release|Any CPU.ActiveCfg = Release|Any CPU
		{92E57216-8497-47AA-A4BC-732A3B724325}.Release|Any CPU.Build.0 = Release|Any CPU
		{20F5D8E6-7D80-41B8-84D1-C0E276AC30AA}.Debug|Any CPU.ActiveCfg = Debug|Any CPU
		{20F5D8E6-7D80-41B8-84D1-C0E276AC30AA}.Debug|Any CPU.Build.0 = Debug|Any CPU
		{20F5D8E6-7D80-41B8-84D1-C0E276AC30AA}.Release|Any CPU.ActiveCfg = Release|Any CPU
		{20F5D8E6-7D80-41B8-84D1-C0E276AC30AA}.Release|Any CPU.Build.0 = Release|Any CPU
		{3CC40637-E1F3-48E4-864C-C82B19E62305}.Debug|Any CPU.ActiveCfg = Debug|Any CPU
		{3CC40637-E1F3-48E4-864C-C82B19E62305}.Debug|Any CPU.Build.0 = Debug|Any CPU
		{3CC40637-E1F3-48E4-864C-C82B19E62305}.Release|Any CPU.ActiveCfg = Release|Any CPU
		{3CC40637-E1F3-48E4-864C-C82B19E62305}.Release|Any CPU.Build.0 = Release|Any CPU
		{96B45368-D90E-47C2-ADB9-DDA59C95086E}.Debug|Any CPU.ActiveCfg = Debug|Any CPU
		{96B45368-D90E-47C2-ADB9-DDA59C95086E}.Debug|Any CPU.Build.0 = Debug|Any CPU
		{96B45368-D90E-47C2-ADB9-DDA59C95086E}.Release|Any CPU.ActiveCfg = Release|Any CPU
		{96B45368-D90E-47C2-ADB9-DDA59C95086E}.Release|Any CPU.Build.0 = Release|Any CPU
		{F613178F-DAE8-4038-BCA8-5B407FB13D2D}.Debug|Any CPU.ActiveCfg = Debug|Any CPU
		{F613178F-DAE8-4038-BCA8-5B407FB13D2D}.Debug|Any CPU.Build.0 = Debug|Any CPU
		{F613178F-DAE8-4038-BCA8-5B407FB13D2D}.Release|Any CPU.ActiveCfg = Release|Any CPU
		{F613178F-DAE8-4038-BCA8-5B407FB13D2D}.Release|Any CPU.Build.0 = Release|Any CPU
		{7AB26EB3-CE56-439C-8BC1-963CF6A1E5A9}.Debug|Any CPU.ActiveCfg = Debug|Any CPU
		{7AB26EB3-CE56-439C-8BC1-963CF6A1E5A9}.Debug|Any CPU.Build.0 = Debug|Any CPU
		{7AB26EB3-CE56-439C-8BC1-963CF6A1E5A9}.Release|Any CPU.ActiveCfg = Release|Any CPU
		{7AB26EB3-CE56-439C-8BC1-963CF6A1E5A9}.Release|Any CPU.Build.0 = Release|Any CPU
	EndGlobalSection
	GlobalSection(SolutionProperties) = preSolution
		HideSolutionNode = FALSE
	EndGlobalSection
	GlobalSection(NestedProjects) = preSolution
		{E8B4F135-69B3-48DF-B21D-43B21ADD6D69} = {64F88549-F3BE-4271-B163-438DF0716014}
		{FF144B43-1885-4AAC-B15C-82E0410E4A0C} = {64F88549-F3BE-4271-B163-438DF0716014}
		{92E57216-8497-47AA-A4BC-732A3B724325} = {64F88549-F3BE-4271-B163-438DF0716014}
		{20F5D8E6-7D80-41B8-84D1-C0E276AC30AA} = {64F88549-F3BE-4271-B163-438DF0716014}
		{3CC40637-E1F3-48E4-864C-C82B19E62305} = {64F88549-F3BE-4271-B163-438DF0716014}
		{96B45368-D90E-47C2-ADB9-DDA59C95086E} = {64F88549-F3BE-4271-B163-438DF0716014}
		{F613178F-DAE8-4038-BCA8-5B407FB13D2D} = {64F88549-F3BE-4271-B163-438DF0716014}
		{7AB26EB3-CE56-439C-8BC1-963CF6A1E5A9} = {C6DAA3E4-661A-4B38-A2E0-37765AD7BE4C}
	EndGlobalSection
	GlobalSection(ExtensibilityGlobals) = postSolution
		SolutionGuid = {9711F11B-3C70-4DDB-9515-CD923FE87D0C}
	EndGlobalSection
EndGlobal
